
Microsoft Visual Studio Solution File, Format Version 12.00
# Visual Studio Version 16
VisualStudioVersion = 16.0.32126.315
MinimumVisualStudioVersion = 10.0.40219.1
Project("{FAE04EC0-301F-11D3-BF4B-00C04F79EFBC}") = "Task2", "Task2\Task2.csproj", "{3462A4C7-1CA4-4C59-A3CB-FE4D952D92BE}"
EndProject
Project("{FAE04EC0-301F-11D3-BF4B-00C04F79EFBC}") = "Task3", "Task3\Task3.csproj", "{263AE173-7C9F-4DEA-9DD8-D727B41D675F}"
EndProject
Project("{FAE04EC0-301F-11D3-BF4B-00C04F79EFBC}") = "Task4", "Task4\Task4.csproj", "{6AD45821-E833-48C7-8C2E-B8F154DB2F07}"
EndProject
Project("{FAE04EC0-301F-11D3-BF4B-00C04F79EFBC}") = "Task6", "Task6\Task6.csproj", "{DC5CCDFF-99F6-481D-AE33-C0AA96EBBAD1}"
EndProject
Global
	GlobalSection(SolutionConfigurationPlatforms) = preSolution
		Debug|Any CPU = Debug|Any CPU
		Release|Any CPU = Release|Any CPU
	EndGlobalSection
	GlobalSection(ProjectConfigurationPlatforms) = postSolution
		{3462A4C7-1CA4-4C59-A3CB-FE4D952D92BE}.Debug|Any CPU.ActiveCfg = Debug|Any CPU
		{3462A4C7-1CA4-4C59-A3CB-FE4D952D92BE}.Debug|Any CPU.Build.0 = Debug|Any CPU
		{3462A4C7-1CA4-4C59-A3CB-FE4D952D92BE}.Release|Any CPU.ActiveCfg = Release|Any CPU
		{3462A4C7-1CA4-4C59-A3CB-FE4D952D92BE}.Release|Any CPU.Build.0 = Release|Any CPU
		{263AE173-7C9F-4DEA-9DD8-D727B41D675F}.Debug|Any CPU.ActiveCfg = Debug|Any CPU
		{263AE173-7C9F-4DEA-9DD8-D727B41D675F}.Debug|Any CPU.Build.0 = Debug|Any CPU
		{263AE173-7C9F-4DEA-9DD8-D727B41D675F}.Release|Any CPU.ActiveCfg = Release|Any CPU
		{263AE173-7C9F-4DEA-9DD8-D727B41D675F}.Release|Any CPU.Build.0 = Release|Any CPU
		{6AD45821-E833-48C7-8C2E-B8F154DB2F07}.Debug|Any CPU.ActiveCfg = Debug|Any CPU
		{6AD45821-E833-48C7-8C2E-B8F154DB2F07}.Debug|Any CPU.Build.0 = Debug|Any CPU
		{6AD45821-E833-48C7-8C2E-B8F154DB2F07}.Release|Any CPU.ActiveCfg = Release|Any CPU
		{6AD45821-E833-48C7-8C2E-B8F154DB2F07}.Release|Any CPU.Build.0 = Release|Any CPU
		{DC5CCDFF-99F6-481D-AE33-C0AA96EBBAD1}.Debug|Any CPU.ActiveCfg = Debug|Any CPU
		{DC5CCDFF-99F6-481D-AE33-C0AA96EBBAD1}.Debug|Any CPU.Build.0 = Debug|Any CPU
		{DC5CCDFF-99F6-481D-AE33-C0AA96EBBAD1}.Release|Any CPU.ActiveCfg = Release|Any CPU
		{DC5CCDFF-99F6-481D-AE33-C0AA96EBBAD1}.Release|Any CPU.Build.0 = Release|Any CPU
	EndGlobalSection
	GlobalSection(SolutionProperties) = preSolution
		HideSolutionNode = FALSE
	EndGlobalSection
	GlobalSection(ExtensibilityGlobals) = postSolution
		SolutionGuid = {5CCF467F-5CD6-40AF-B894-0CB987E382A1}
	EndGlobalSection
EndGlobal
